// !$*UTF8*$!
{
	archiveVersion = 1;
	classes = {
	};
	objectVersion = 46;
	objects = {

/* Begin PBXBuildFile section */
		BE1B667E1AE9D1D10041D065 /* DummyEntity.swift in Sources */ = {isa = PBXBuildFile; fileRef = BE1B667D1AE9D1D10041D065 /* DummyEntity.swift */; };
		BE3238D01AF4AB970096A7F9 /* jmdict-30-4-2015-view.cblite in Resources */ = {isa = PBXBuildFile; fileRef = BE3238CF1AF4AB970096A7F9 /* jmdict-30-4-2015-view.cblite */; };
		BE51929A1A96DDE300F19BEA /* BlurView.swift in Sources */ = {isa = PBXBuildFile; fileRef = BE51927F1A96DDE300F19BEA /* BlurView.swift */; };
		BE51929B1A96DDE300F19BEA /* DesignableButton.swift in Sources */ = {isa = PBXBuildFile; fileRef = BE5192801A96DDE300F19BEA /* DesignableButton.swift */; };
		BE51929C1A96DDE300F19BEA /* DesignableImageView.swift in Sources */ = {isa = PBXBuildFile; fileRef = BE5192811A96DDE300F19BEA /* DesignableImageView.swift */; };
		BE51929D1A96DDE300F19BEA /* DesignableLabel.swift in Sources */ = {isa = PBXBuildFile; fileRef = BE5192821A96DDE300F19BEA /* DesignableLabel.swift */; };
		BE51929E1A96DDE300F19BEA /* DesignableTabBarController.swift in Sources */ = {isa = PBXBuildFile; fileRef = BE5192831A96DDE300F19BEA /* DesignableTabBarController.swift */; };
		BE51929F1A96DDE300F19BEA /* DesignableTextField.swift in Sources */ = {isa = PBXBuildFile; fileRef = BE5192841A96DDE300F19BEA /* DesignableTextField.swift */; };
		BE5192A01A96DDE300F19BEA /* DesignableTextView.swift in Sources */ = {isa = PBXBuildFile; fileRef = BE5192851A96DDE300F19BEA /* DesignableTextView.swift */; };
		BE5192A11A96DDE300F19BEA /* DesignableView.swift in Sources */ = {isa = PBXBuildFile; fileRef = BE5192861A96DDE300F19BEA /* DesignableView.swift */; };
		BE5192A21A96DDE300F19BEA /* ImageLoader.swift in Sources */ = {isa = PBXBuildFile; fileRef = BE5192871A96DDE300F19BEA /* ImageLoader.swift */; };
		BE5192A31A96DDE300F19BEA /* Info.plist in Resources */ = {isa = PBXBuildFile; fileRef = BE5192881A96DDE300F19BEA /* Info.plist */; };
		BE5192A41A96DDE300F19BEA /* KeyboardLayoutConstraint.swift in Sources */ = {isa = PBXBuildFile; fileRef = BE5192891A96DDE300F19BEA /* KeyboardLayoutConstraint.swift */; };
		BE5192A51A96DDE300F19BEA /* LoadingView.swift in Sources */ = {isa = PBXBuildFile; fileRef = BE51928A1A96DDE300F19BEA /* LoadingView.swift */; };
		BE5192A61A96DDE300F19BEA /* LoadingView.xib in Resources */ = {isa = PBXBuildFile; fileRef = BE51928B1A96DDE300F19BEA /* LoadingView.xib */; };
		BE5192A71A96DDE300F19BEA /* Misc.swift in Sources */ = {isa = PBXBuildFile; fileRef = BE51928C1A96DDE300F19BEA /* Misc.swift */; };
		BE5192A81A96DDE300F19BEA /* SoundPlayer.swift in Sources */ = {isa = PBXBuildFile; fileRef = BE51928D1A96DDE300F19BEA /* SoundPlayer.swift */; };
		BE5192A91A96DDE300F19BEA /* Spring.swift in Sources */ = {isa = PBXBuildFile; fileRef = BE51928F1A96DDE300F19BEA /* Spring.swift */; };
		BE5192AA1A96DDE300F19BEA /* SpringAnimation.swift in Sources */ = {isa = PBXBuildFile; fileRef = BE5192901A96DDE300F19BEA /* SpringAnimation.swift */; };
		BE5192AB1A96DDE300F19BEA /* SpringButton.swift in Sources */ = {isa = PBXBuildFile; fileRef = BE5192911A96DDE300F19BEA /* SpringButton.swift */; };
		BE5192AC1A96DDE300F19BEA /* SpringImageView.swift in Sources */ = {isa = PBXBuildFile; fileRef = BE5192921A96DDE300F19BEA /* SpringImageView.swift */; };
		BE5192AD1A96DDE300F19BEA /* SpringLabel.swift in Sources */ = {isa = PBXBuildFile; fileRef = BE5192931A96DDE300F19BEA /* SpringLabel.swift */; };
		BE5192AE1A96DDE300F19BEA /* SpringTextField.swift in Sources */ = {isa = PBXBuildFile; fileRef = BE5192941A96DDE300F19BEA /* SpringTextField.swift */; };
		BE5192AF1A96DDE300F19BEA /* SpringTextView.swift in Sources */ = {isa = PBXBuildFile; fileRef = BE5192951A96DDE300F19BEA /* SpringTextView.swift */; };
		BE5192B01A96DDE300F19BEA /* SpringView.swift in Sources */ = {isa = PBXBuildFile; fileRef = BE5192961A96DDE300F19BEA /* SpringView.swift */; };
		BE5192B11A96DDE300F19BEA /* TransitionManager.swift in Sources */ = {isa = PBXBuildFile; fileRef = BE5192971A96DDE300F19BEA /* TransitionManager.swift */; };
		BE5192B21A96DDE300F19BEA /* TransitionZoom.swift in Sources */ = {isa = PBXBuildFile; fileRef = BE5192981A96DDE300F19BEA /* TransitionZoom.swift */; };
		BE5192B31A96DDE300F19BEA /* UnwindSegue.swift in Sources */ = {isa = PBXBuildFile; fileRef = BE5192991A96DDE300F19BEA /* UnwindSegue.swift */; };
		BE7C99D31A74A5C7007E65AD /* AppDelegate.swift in Sources */ = {isa = PBXBuildFile; fileRef = BE7C99D21A74A5C7007E65AD /* AppDelegate.swift */; };
		BE7C99D51A74A5C7007E65AD /* MainPageController.swift in Sources */ = {isa = PBXBuildFile; fileRef = BE7C99D41A74A5C7007E65AD /* MainPageController.swift */; };
		BE7C99DA1A74A5C8007E65AD /* Images.xcassets in Resources */ = {isa = PBXBuildFile; fileRef = BE7C99D91A74A5C8007E65AD /* Images.xcassets */; };
		BE7C99DD1A74A5C8007E65AD /* LaunchScreen.xib in Resources */ = {isa = PBXBuildFile; fileRef = BE7C99DB1A74A5C8007E65AD /* LaunchScreen.xib */; };
		BE7C99E91A74A5C8007E65AD /* MochiMojiTests.swift in Sources */ = {isa = PBXBuildFile; fileRef = BE7C99E81A74A5C8007E65AD /* MochiMojiTests.swift */; };
		BE7C99F41A74C313007E65AD /* Roboto-Regular.ttf in Resources */ = {isa = PBXBuildFile; fileRef = BE7C99F31A74C313007E65AD /* Roboto-Regular.ttf */; };
		BE87F7D51A74DC7400267E85 /* TestCardView.xib in Resources */ = {isa = PBXBuildFile; fileRef = BE87F7D41A74DC7400267E85 /* TestCardView.xib */; };
		BE87F7D71A74DF6100267E85 /* KanjiCardView.xib in Resources */ = {isa = PBXBuildFile; fileRef = BE87F7D61A74DF6100267E85 /* KanjiCardView.xib */; };
		BEC117B51AD4DC7400FB5457 /* CouchbaseLite.framework in Frameworks */ = {isa = PBXBuildFile; fileRef = BEC117B41AD4DC7400FB5457 /* CouchbaseLite.framework */; };
		BEC117B71AD4DC9800FB5457 /* libz.dylib in Frameworks */ = {isa = PBXBuildFile; fileRef = BEC117B61AD4DC9800FB5457 /* libz.dylib */; };
		BEC117B91AD4DC9F00FB5457 /* libsqlite3.dylib in Frameworks */ = {isa = PBXBuildFile; fileRef = BEC117B81AD4DC9F00FB5457 /* libsqlite3.dylib */; };
		BEC117BB1AD4DCAE00FB5457 /* SystemConfiguration.framework in Frameworks */ = {isa = PBXBuildFile; fileRef = BEC117BA1AD4DCAE00FB5457 /* SystemConfiguration.framework */; };
		BEC117BD1AD4DCB200FB5457 /* CFNetwork.framework in Frameworks */ = {isa = PBXBuildFile; fileRef = BEC117BC1AD4DCB200FB5457 /* CFNetwork.framework */; };
		BEC117BF1AD4DCBC00FB5457 /* Security.framework in Frameworks */ = {isa = PBXBuildFile; fileRef = BEC117BE1AD4DCBC00FB5457 /* Security.framework */; };
		BECCEA021AFF7A6A00C661D6 /* TableCellForAnimationView.xib in Resources */ = {isa = PBXBuildFile; fileRef = BECCEA011AFF7A6A00C661D6 /* TableCellForAnimationView.xib */; };
		BECCEA041AFF7C1D00C661D6 /* UICellForAnimationView.swift in Sources */ = {isa = PBXBuildFile; fileRef = BECCEA031AFF7C1D00C661D6 /* UICellForAnimationView.swift */; };
		BED226F71AD637DA000C0E88 /* SearchResultEntityCell.xib in Resources */ = {isa = PBXBuildFile; fileRef = BED226F61AD637DA000C0E88 /* SearchResultEntityCell.xib */; };
		BED226F91AD63A94000C0E88 /* NotoSansCJKjp-Regular.otf in Resources */ = {isa = PBXBuildFile; fileRef = BED226F81AD63A94000C0E88 /* NotoSansCJKjp-Regular.otf */; };
		BED226FE1AD647F4000C0E88 /* SearchResultEntityCell.swift in Sources */ = {isa = PBXBuildFile; fileRef = BED226FD1AD647F4000C0E88 /* SearchResultEntityCell.swift */; };
		BED227011AD76EBC000C0E88 /* Entity.swift in Sources */ = {isa = PBXBuildFile; fileRef = BED227001AD76EBC000C0E88 /* Entity.swift */; };
		BED227041AD773DC000C0E88 /* DatabaseHelper.swift in Sources */ = {isa = PBXBuildFile; fileRef = BED227031AD773DC000C0E88 /* DatabaseHelper.swift */; };
		BED227061AD773EA000C0E88 /* DatabaseInterface.swift in Sources */ = {isa = PBXBuildFile; fileRef = BED227051AD773EA000C0E88 /* DatabaseInterface.swift */; };
		BED227081ADA5F13000C0E88 /* Utility.swift in Sources */ = {isa = PBXBuildFile; fileRef = BED227071ADA5F13000C0E88 /* Utility.swift */; };
		BED2270A1ADA5F7D000C0E88 /* JMDictEntity.swift in Sources */ = {isa = PBXBuildFile; fileRef = BED227091ADA5F7D000C0E88 /* JMDictEntity.swift */; };
		BED711361ACF92B30013E891 /* Main_fixed.storyboard in Resources */ = {isa = PBXBuildFile; fileRef = BED711351ACF92B30013E891 /* Main_fixed.storyboard */; };
		BEDAF1B21AFC6D4200D4050C /* WordViewController.swift in Sources */ = {isa = PBXBuildFile; fileRef = BEDAF1B11AFC6D4200D4050C /* WordViewController.swift */; };
		EF0F3710D0631B57B42F677B /* libPods-MochiMoji.a in Frameworks */ = {isa = PBXBuildFile; fileRef = C6FD660FF368BCED3CBD337A /* libPods-MochiMoji.a */; };
/* End PBXBuildFile section */

/* Begin PBXContainerItemProxy section */
		BE7C99E31A74A5C8007E65AD /* PBXContainerItemProxy */ = {
			isa = PBXContainerItemProxy;
			containerPortal = BE7C99C51A74A5C7007E65AD /* Project object */;
			proxyType = 1;
			remoteGlobalIDString = BE7C99CC1A74A5C7007E65AD;
			remoteInfo = MochiMoji;
		};
/* End PBXContainerItemProxy section */

/* Begin PBXCopyFilesBuildPhase section */
		BE08FA2B1A762C1700FAF01C /* Embed Frameworks */ = {
			isa = PBXCopyFilesBuildPhase;
			buildActionMask = 2147483647;
			dstPath = "";
			dstSubfolderSpec = 10;
			files = (
			);
			name = "Embed Frameworks";
			runOnlyForDeploymentPostprocessing = 0;
		};
/* End PBXCopyFilesBuildPhase section */

/* Begin PBXFileReference section */
		5DE0274CDEF855A992DD8D5A /* Pods.release.xcconfig */ = {isa = PBXFileReference; includeInIndex = 1; lastKnownFileType = text.xcconfig; name = Pods.release.xcconfig; path = "Pods/Target Support Files/Pods/Pods.release.xcconfig"; sourceTree = "<group>"; };
		763DAF4BC3171D37A88242DD /* libPods.a */ = {isa = PBXFileReference; explicitFileType = archive.ar; includeInIndex = 0; path = libPods.a; sourceTree = BUILT_PRODUCTS_DIR; };
		9E55323F697205746F1FD91E /* Pods.debug.xcconfig */ = {isa = PBXFileReference; includeInIndex = 1; lastKnownFileType = text.xcconfig; name = Pods.debug.xcconfig; path = "Pods/Target Support Files/Pods/Pods.debug.xcconfig"; sourceTree = "<group>"; };
		BE1B667D1AE9D1D10041D065 /* DummyEntity.swift */ = {isa = PBXFileReference; fileEncoding = 4; lastKnownFileType = sourcecode.swift; path = DummyEntity.swift; sourceTree = "<group>"; };
		BE3238CF1AF4AB970096A7F9 /* jmdict-30-4-2015-view.cblite */ = {isa = PBXFileReference; lastKnownFileType = file; path = "jmdict-30-4-2015-view.cblite"; sourceTree = "<group>"; };
		BE51927F1A96DDE300F19BEA /* BlurView.swift */ = {isa = PBXFileReference; fileEncoding = 4; lastKnownFileType = sourcecode.swift; path = BlurView.swift; sourceTree = "<group>"; };
		BE5192801A96DDE300F19BEA /* DesignableButton.swift */ = {isa = PBXFileReference; fileEncoding = 4; lastKnownFileType = sourcecode.swift; path = DesignableButton.swift; sourceTree = "<group>"; };
		BE5192811A96DDE300F19BEA /* DesignableImageView.swift */ = {isa = PBXFileReference; fileEncoding = 4; lastKnownFileType = sourcecode.swift; path = DesignableImageView.swift; sourceTree = "<group>"; };
		BE5192821A96DDE300F19BEA /* DesignableLabel.swift */ = {isa = PBXFileReference; fileEncoding = 4; lastKnownFileType = sourcecode.swift; path = DesignableLabel.swift; sourceTree = "<group>"; };
		BE5192831A96DDE300F19BEA /* DesignableTabBarController.swift */ = {isa = PBXFileReference; fileEncoding = 4; lastKnownFileType = sourcecode.swift; path = DesignableTabBarController.swift; sourceTree = "<group>"; };
		BE5192841A96DDE300F19BEA /* DesignableTextField.swift */ = {isa = PBXFileReference; fileEncoding = 4; lastKnownFileType = sourcecode.swift; path = DesignableTextField.swift; sourceTree = "<group>"; };
		BE5192851A96DDE300F19BEA /* DesignableTextView.swift */ = {isa = PBXFileReference; fileEncoding = 4; lastKnownFileType = sourcecode.swift; path = DesignableTextView.swift; sourceTree = "<group>"; };
		BE5192861A96DDE300F19BEA /* DesignableView.swift */ = {isa = PBXFileReference; fileEncoding = 4; lastKnownFileType = sourcecode.swift; path = DesignableView.swift; sourceTree = "<group>"; };
		BE5192871A96DDE300F19BEA /* ImageLoader.swift */ = {isa = PBXFileReference; fileEncoding = 4; lastKnownFileType = sourcecode.swift; path = ImageLoader.swift; sourceTree = "<group>"; };
		BE5192881A96DDE300F19BEA /* Info.plist */ = {isa = PBXFileReference; fileEncoding = 4; lastKnownFileType = text.plist.xml; path = Info.plist; sourceTree = "<group>"; };
		BE5192891A96DDE300F19BEA /* KeyboardLayoutConstraint.swift */ = {isa = PBXFileReference; fileEncoding = 4; lastKnownFileType = sourcecode.swift; path = KeyboardLayoutConstraint.swift; sourceTree = "<group>"; };
		BE51928A1A96DDE300F19BEA /* LoadingView.swift */ = {isa = PBXFileReference; fileEncoding = 4; lastKnownFileType = sourcecode.swift; path = LoadingView.swift; sourceTree = "<group>"; };
		BE51928B1A96DDE300F19BEA /* LoadingView.xib */ = {isa = PBXFileReference; fileEncoding = 4; lastKnownFileType = file.xib; path = LoadingView.xib; sourceTree = "<group>"; };
		BE51928C1A96DDE300F19BEA /* Misc.swift */ = {isa = PBXFileReference; fileEncoding = 4; lastKnownFileType = sourcecode.swift; path = Misc.swift; sourceTree = "<group>"; };
		BE51928D1A96DDE300F19BEA /* SoundPlayer.swift */ = {isa = PBXFileReference; fileEncoding = 4; lastKnownFileType = sourcecode.swift; path = SoundPlayer.swift; sourceTree = "<group>"; };
		BE51928E1A96DDE300F19BEA /* Spring.h */ = {isa = PBXFileReference; fileEncoding = 4; lastKnownFileType = sourcecode.c.h; path = Spring.h; sourceTree = "<group>"; };
		BE51928F1A96DDE300F19BEA /* Spring.swift */ = {isa = PBXFileReference; fileEncoding = 4; lastKnownFileType = sourcecode.swift; path = Spring.swift; sourceTree = "<group>"; };
		BE5192901A96DDE300F19BEA /* SpringAnimation.swift */ = {isa = PBXFileReference; fileEncoding = 4; lastKnownFileType = sourcecode.swift; path = SpringAnimation.swift; sourceTree = "<group>"; };
		BE5192911A96DDE300F19BEA /* SpringButton.swift */ = {isa = PBXFileReference; fileEncoding = 4; lastKnownFileType = sourcecode.swift; path = SpringButton.swift; sourceTree = "<group>"; };
		BE5192921A96DDE300F19BEA /* SpringImageView.swift */ = {isa = PBXFileReference; fileEncoding = 4; lastKnownFileType = sourcecode.swift; path = SpringImageView.swift; sourceTree = "<group>"; };
		BE5192931A96DDE300F19BEA /* SpringLabel.swift */ = {isa = PBXFileReference; fileEncoding = 4; lastKnownFileType = sourcecode.swift; path = SpringLabel.swift; sourceTree = "<group>"; };
		BE5192941A96DDE300F19BEA /* SpringTextField.swift */ = {isa = PBXFileReference; fileEncoding = 4; lastKnownFileType = sourcecode.swift; path = SpringTextField.swift; sourceTree = "<group>"; };
		BE5192951A96DDE300F19BEA /* SpringTextView.swift */ = {isa = PBXFileReference; fileEncoding = 4; lastKnownFileType = sourcecode.swift; path = SpringTextView.swift; sourceTree = "<group>"; };
		BE5192961A96DDE300F19BEA /* SpringView.swift */ = {isa = PBXFileReference; fileEncoding = 4; lastKnownFileType = sourcecode.swift; path = SpringView.swift; sourceTree = "<group>"; };
		BE5192971A96DDE300F19BEA /* TransitionManager.swift */ = {isa = PBXFileReference; fileEncoding = 4; lastKnownFileType = sourcecode.swift; path = TransitionManager.swift; sourceTree = "<group>"; };
		BE5192981A96DDE300F19BEA /* TransitionZoom.swift */ = {isa = PBXFileReference; fileEncoding = 4; lastKnownFileType = sourcecode.swift; path = TransitionZoom.swift; sourceTree = "<group>"; };
		BE5192991A96DDE300F19BEA /* UnwindSegue.swift */ = {isa = PBXFileReference; fileEncoding = 4; lastKnownFileType = sourcecode.swift; path = UnwindSegue.swift; sourceTree = "<group>"; };
		BE7C99CD1A74A5C7007E65AD /* MochiMoji.app */ = {isa = PBXFileReference; explicitFileType = wrapper.application; includeInIndex = 0; path = MochiMoji.app; sourceTree = BUILT_PRODUCTS_DIR; };
		BE7C99D11A74A5C7007E65AD /* Info.plist */ = {isa = PBXFileReference; lastKnownFileType = text.plist.xml; path = Info.plist; sourceTree = "<group>"; };
		BE7C99D21A74A5C7007E65AD /* AppDelegate.swift */ = {isa = PBXFileReference; lastKnownFileType = sourcecode.swift; path = AppDelegate.swift; sourceTree = "<group>"; };
		BE7C99D41A74A5C7007E65AD /* MainPageController.swift */ = {isa = PBXFileReference; lastKnownFileType = sourcecode.swift; path = MainPageController.swift; sourceTree = "<group>"; };
		BE7C99D91A74A5C8007E65AD /* Images.xcassets */ = {isa = PBXFileReference; lastKnownFileType = folder.assetcatalog; path = Images.xcassets; sourceTree = "<group>"; };
		BE7C99DC1A74A5C8007E65AD /* Base */ = {isa = PBXFileReference; lastKnownFileType = file.xib; name = Base; path = Base.lproj/LaunchScreen.xib; sourceTree = "<group>"; };
		BE7C99E21A74A5C8007E65AD /* MochiMojiTests.xctest */ = {isa = PBXFileReference; explicitFileType = wrapper.cfbundle; includeInIndex = 0; path = MochiMojiTests.xctest; sourceTree = BUILT_PRODUCTS_DIR; };
		BE7C99E71A74A5C8007E65AD /* Info.plist */ = {isa = PBXFileReference; lastKnownFileType = text.plist.xml; path = Info.plist; sourceTree = "<group>"; };
		BE7C99E81A74A5C8007E65AD /* MochiMojiTests.swift */ = {isa = PBXFileReference; lastKnownFileType = sourcecode.swift; path = MochiMojiTests.swift; sourceTree = "<group>"; };
		BE7C99F31A74C313007E65AD /* Roboto-Regular.ttf */ = {isa = PBXFileReference; lastKnownFileType = file; path = "Roboto-Regular.ttf"; sourceTree = "<group>"; };
		BE87F7D41A74DC7400267E85 /* TestCardView.xib */ = {isa = PBXFileReference; fileEncoding = 4; lastKnownFileType = file.xib; path = TestCardView.xib; sourceTree = "<group>"; };
		BE87F7D61A74DF6100267E85 /* KanjiCardView.xib */ = {isa = PBXFileReference; fileEncoding = 4; lastKnownFileType = file.xib; path = KanjiCardView.xib; sourceTree = "<group>"; };
		BEB8067D1A751B190096E790 /* MochiMoji-Bridging-Header.h */ = {isa = PBXFileReference; lastKnownFileType = sourcecode.c.h; path = "MochiMoji-Bridging-Header.h"; sourceTree = "<group>"; };
		BEC117B41AD4DC7400FB5457 /* CouchbaseLite.framework */ = {isa = PBXFileReference; lastKnownFileType = wrapper.framework; name = CouchbaseLite.framework; path = ../../Desktop/CouchbaseLite.framework; sourceTree = "<group>"; };
		BEC117B61AD4DC9800FB5457 /* libz.dylib */ = {isa = PBXFileReference; lastKnownFileType = "compiled.mach-o.dylib"; name = libz.dylib; path = usr/lib/libz.dylib; sourceTree = SDKROOT; };
		BEC117B81AD4DC9F00FB5457 /* libsqlite3.dylib */ = {isa = PBXFileReference; lastKnownFileType = "compiled.mach-o.dylib"; name = libsqlite3.dylib; path = usr/lib/libsqlite3.dylib; sourceTree = SDKROOT; };
		BEC117BA1AD4DCAE00FB5457 /* SystemConfiguration.framework */ = {isa = PBXFileReference; lastKnownFileType = wrapper.framework; name = SystemConfiguration.framework; path = System/Library/Frameworks/SystemConfiguration.framework; sourceTree = SDKROOT; };
		BEC117BC1AD4DCB200FB5457 /* CFNetwork.framework */ = {isa = PBXFileReference; lastKnownFileType = wrapper.framework; name = CFNetwork.framework; path = System/Library/Frameworks/CFNetwork.framework; sourceTree = SDKROOT; };
		BEC117BE1AD4DCBC00FB5457 /* Security.framework */ = {isa = PBXFileReference; lastKnownFileType = wrapper.framework; name = Security.framework; path = System/Library/Frameworks/Security.framework; sourceTree = SDKROOT; };
		BECCEA011AFF7A6A00C661D6 /* TableCellForAnimationView.xib */ = {isa = PBXFileReference; fileEncoding = 4; lastKnownFileType = file.xib; path = TableCellForAnimationView.xib; sourceTree = "<group>"; };
		BECCEA031AFF7C1D00C661D6 /* UICellForAnimationView.swift */ = {isa = PBXFileReference; fileEncoding = 4; lastKnownFileType = sourcecode.swift; path = UICellForAnimationView.swift; sourceTree = "<group>"; };
		BED226F61AD637DA000C0E88 /* SearchResultEntityCell.xib */ = {isa = PBXFileReference; fileEncoding = 4; lastKnownFileType = file.xib; path = SearchResultEntityCell.xib; sourceTree = "<group>"; };
		BED226F81AD63A94000C0E88 /* NotoSansCJKjp-Regular.otf */ = {isa = PBXFileReference; lastKnownFileType = file; path = "NotoSansCJKjp-Regular.otf"; sourceTree = "<group>"; };
		BED226FD1AD647F4000C0E88 /* SearchResultEntityCell.swift */ = {isa = PBXFileReference; fileEncoding = 4; lastKnownFileType = sourcecode.swift; name = SearchResultEntityCell.swift; path = MochiMoji/SearchResultEntityCell.swift; sourceTree = SOURCE_ROOT; };
		BED227001AD76EBC000C0E88 /* Entity.swift */ = {isa = PBXFileReference; fileEncoding = 4; lastKnownFileType = sourcecode.swift; path = Entity.swift; sourceTree = "<group>"; };
		BED227031AD773DC000C0E88 /* DatabaseHelper.swift */ = {isa = PBXFileReference; fileEncoding = 4; lastKnownFileType = sourcecode.swift; path = DatabaseHelper.swift; sourceTree = "<group>"; };
		BED227051AD773EA000C0E88 /* DatabaseInterface.swift */ = {isa = PBXFileReference; fileEncoding = 4; lastKnownFileType = sourcecode.swift; path = DatabaseInterface.swift; sourceTree = "<group>"; };
		BED227071ADA5F13000C0E88 /* Utility.swift */ = {isa = PBXFileReference; fileEncoding = 4; lastKnownFileType = sourcecode.swift; path = Utility.swift; sourceTree = "<group>"; };
		BED227091ADA5F7D000C0E88 /* JMDictEntity.swift */ = {isa = PBXFileReference; fileEncoding = 4; lastKnownFileType = sourcecode.swift; path = JMDictEntity.swift; sourceTree = "<group>"; };
		BED711351ACF92B30013E891 /* Main_fixed.storyboard */ = {isa = PBXFileReference; fileEncoding = 4; lastKnownFileType = file.storyboard; path = Main_fixed.storyboard; sourceTree = "<group>"; };
		BEDAF1B11AFC6D4200D4050C /* WordViewController.swift */ = {isa = PBXFileReference; fileEncoding = 4; lastKnownFileType = sourcecode.swift; path = WordViewController.swift; sourceTree = "<group>"; };
		C24EA031D4D882D492031D2A /* Pods-MochiMoji.debug.xcconfig */ = {isa = PBXFileReference; includeInIndex = 1; lastKnownFileType = text.xcconfig; name = "Pods-MochiMoji.debug.xcconfig"; path = "Pods/Target Support Files/Pods-MochiMoji/Pods-MochiMoji.debug.xcconfig"; sourceTree = "<group>"; };
		C6FD660FF368BCED3CBD337A /* libPods-MochiMoji.a */ = {isa = PBXFileReference; explicitFileType = archive.ar; includeInIndex = 0; path = "libPods-MochiMoji.a"; sourceTree = BUILT_PRODUCTS_DIR; };
		E9A4E166995F0A4E9947417D /* Pods-MochiMoji.release.xcconfig */ = {isa = PBXFileReference; includeInIndex = 1; lastKnownFileType = text.xcconfig; name = "Pods-MochiMoji.release.xcconfig"; path = "Pods/Target Support Files/Pods-MochiMoji/Pods-MochiMoji.release.xcconfig"; sourceTree = "<group>"; };
/* End PBXFileReference section */

/* Begin PBXFrameworksBuildPhase section */
		BE7C99CA1A74A5C7007E65AD /* Frameworks */ = {
			isa = PBXFrameworksBuildPhase;
			buildActionMask = 2147483647;
			files = (
				BEC117BF1AD4DCBC00FB5457 /* Security.framework in Frameworks */,
				BEC117BD1AD4DCB200FB5457 /* CFNetwork.framework in Frameworks */,
				BEC117BB1AD4DCAE00FB5457 /* SystemConfiguration.framework in Frameworks */,
				BEC117B91AD4DC9F00FB5457 /* libsqlite3.dylib in Frameworks */,
				BEC117B71AD4DC9800FB5457 /* libz.dylib in Frameworks */,
				BEC117B51AD4DC7400FB5457 /* CouchbaseLite.framework in Frameworks */,
				EF0F3710D0631B57B42F677B /* libPods-MochiMoji.a in Frameworks */,
			);
			runOnlyForDeploymentPostprocessing = 0;
		};
		BE7C99DF1A74A5C8007E65AD /* Frameworks */ = {
			isa = PBXFrameworksBuildPhase;
			buildActionMask = 2147483647;
			files = (
			);
			runOnlyForDeploymentPostprocessing = 0;
		};
/* End PBXFrameworksBuildPhase section */

/* Begin PBXGroup section */
		7F25BFAB90101EAA2A72885F /* Frameworks */ = {
			isa = PBXGroup;
			children = (
				BEC117BE1AD4DCBC00FB5457 /* Security.framework */,
				BEC117BC1AD4DCB200FB5457 /* CFNetwork.framework */,
				BEC117BA1AD4DCAE00FB5457 /* SystemConfiguration.framework */,
				BEC117B81AD4DC9F00FB5457 /* libsqlite3.dylib */,
				BEC117B61AD4DC9800FB5457 /* libz.dylib */,
				BEC117B41AD4DC7400FB5457 /* CouchbaseLite.framework */,
				763DAF4BC3171D37A88242DD /* libPods.a */,
				C6FD660FF368BCED3CBD337A /* libPods-MochiMoji.a */,
			);
			name = Frameworks;
			sourceTree = "<group>";
		};
		8A1C0E72D3313A87A310D1B1 /* Pods */ = {
			isa = PBXGroup;
			children = (
				9E55323F697205746F1FD91E /* Pods.debug.xcconfig */,
				5DE0274CDEF855A992DD8D5A /* Pods.release.xcconfig */,
				C24EA031D4D882D492031D2A /* Pods-MochiMoji.debug.xcconfig */,
				E9A4E166995F0A4E9947417D /* Pods-MochiMoji.release.xcconfig */,
			);
			name = Pods;
			sourceTree = "<group>";
		};
		BE51927E1A96DDE300F19BEA /* Spring */ = {
			isa = PBXGroup;
			children = (
				BE51927F1A96DDE300F19BEA /* BlurView.swift */,
				BE5192801A96DDE300F19BEA /* DesignableButton.swift */,
				BE5192811A96DDE300F19BEA /* DesignableImageView.swift */,
				BE5192821A96DDE300F19BEA /* DesignableLabel.swift */,
				BE5192831A96DDE300F19BEA /* DesignableTabBarController.swift */,
				BE5192841A96DDE300F19BEA /* DesignableTextField.swift */,
				BE5192851A96DDE300F19BEA /* DesignableTextView.swift */,
				BE5192861A96DDE300F19BEA /* DesignableView.swift */,
				BE5192871A96DDE300F19BEA /* ImageLoader.swift */,
				BE5192881A96DDE300F19BEA /* Info.plist */,
				BE5192891A96DDE300F19BEA /* KeyboardLayoutConstraint.swift */,
				BE51928A1A96DDE300F19BEA /* LoadingView.swift */,
				BE51928B1A96DDE300F19BEA /* LoadingView.xib */,
				BE51928C1A96DDE300F19BEA /* Misc.swift */,
				BE51928D1A96DDE300F19BEA /* SoundPlayer.swift */,
				BE51928E1A96DDE300F19BEA /* Spring.h */,
				BE51928F1A96DDE300F19BEA /* Spring.swift */,
				BE5192901A96DDE300F19BEA /* SpringAnimation.swift */,
				BE5192911A96DDE300F19BEA /* SpringButton.swift */,
				BE5192921A96DDE300F19BEA /* SpringImageView.swift */,
				BE5192931A96DDE300F19BEA /* SpringLabel.swift */,
				BE5192941A96DDE300F19BEA /* SpringTextField.swift */,
				BE5192951A96DDE300F19BEA /* SpringTextView.swift */,
				BE5192961A96DDE300F19BEA /* SpringView.swift */,
				BE5192971A96DDE300F19BEA /* TransitionManager.swift */,
				BE5192981A96DDE300F19BEA /* TransitionZoom.swift */,
				BE5192991A96DDE300F19BEA /* UnwindSegue.swift */,
			);
			path = Spring;
			sourceTree = "<group>";
		};
		BE7C99C41A74A5C7007E65AD = {
			isa = PBXGroup;
			children = (
				BE3238CF1AF4AB970096A7F9 /* jmdict-30-4-2015-view.cblite */,
				BE7C99CF1A74A5C7007E65AD /* MochiMoji */,
				BE7C99E51A74A5C8007E65AD /* MochiMojiTests */,
				BE7C99CE1A74A5C7007E65AD /* Products */,
				8A1C0E72D3313A87A310D1B1 /* Pods */,
				7F25BFAB90101EAA2A72885F /* Frameworks */,
				BEC117B01AD4DC1000FB5457 /* CouchbaseLite */,
			);
			sourceTree = "<group>";
		};
		BE7C99CE1A74A5C7007E65AD /* Products */ = {
			isa = PBXGroup;
			children = (
				BE7C99CD1A74A5C7007E65AD /* MochiMoji.app */,
				BE7C99E21A74A5C8007E65AD /* MochiMojiTests.xctest */,
			);
			name = Products;
			sourceTree = "<group>";
		};
		BE7C99CF1A74A5C7007E65AD /* MochiMoji */ = {
			isa = PBXGroup;
			children = (
				BED227021AD773B9000C0E88 /* Database */,
				BED226FA1AD64776000C0E88 /* TableCell */,
				BE7C99D21A74A5C7007E65AD /* AppDelegate.swift */,
				BE7C99D41A74A5C7007E65AD /* MainPageController.swift */,
				BEDAF1B11AFC6D4200D4050C /* WordViewController.swift */,
				BE51927E1A96DDE300F19BEA /* Spring */,
				BED711351ACF92B30013E891 /* Main_fixed.storyboard */,
				BE7C99DB1A74A5C8007E65AD /* LaunchScreen.xib */,
				BE7C99D91A74A5C8007E65AD /* Images.xcassets */,
				BED226F41AD6379B000C0E88 /* ViewResource */,
				BE7C99F21A74C286007E65AD /* AppFonts */,
				BE7C99D01A74A5C7007E65AD /* Supporting Files */,
				BEB8067D1A751B190096E790 /* MochiMoji-Bridging-Header.h */,
			);
			path = MochiMoji;
			sourceTree = "<group>";
		};
		BE7C99D01A74A5C7007E65AD /* Supporting Files */ = {
			isa = PBXGroup;
			children = (
				BE7C99D11A74A5C7007E65AD /* Info.plist */,
			);
			name = "Supporting Files";
			sourceTree = "<group>";
		};
		BE7C99E51A74A5C8007E65AD /* MochiMojiTests */ = {
			isa = PBXGroup;
			children = (
				BE7C99E81A74A5C8007E65AD /* MochiMojiTests.swift */,
				BE7C99E61A74A5C8007E65AD /* Supporting Files */,
			);
			path = MochiMojiTests;
			sourceTree = "<group>";
		};
		BE7C99E61A74A5C8007E65AD /* Supporting Files */ = {
			isa = PBXGroup;
			children = (
				BE7C99E71A74A5C8007E65AD /* Info.plist */,
			);
			name = "Supporting Files";
			sourceTree = "<group>";
		};
		BE7C99F21A74C286007E65AD /* AppFonts */ = {
			isa = PBXGroup;
			children = (
				BED226F81AD63A94000C0E88 /* NotoSansCJKjp-Regular.otf */,
				BE7C99F31A74C313007E65AD /* Roboto-Regular.ttf */,
			);
			name = AppFonts;
			sourceTree = "<group>";
		};
		BE7C99F71A74C939007E65AD /* CardView */ = {
			isa = PBXGroup;
			children = (
				BE87F7D41A74DC7400267E85 /* TestCardView.xib */,
				BE87F7D61A74DF6100267E85 /* KanjiCardView.xib */,
			);
			name = CardView;
			sourceTree = "<group>";
		};
		BEC117B01AD4DC1000FB5457 /* CouchbaseLite */ = {
			isa = PBXGroup;
			children = (
				BEC117B11AD4DC1000FB5457 /* jmdict attachments */,
			);
			name = CouchbaseLite;
			path = ../../Desktop/MojiMochi_Database/databaseFile/CouchbaseLite;
			sourceTree = "<group>";
		};
		BEC117B11AD4DC1000FB5457 /* jmdict attachments */ = {
			isa = PBXGroup;
			children = (
			);
			path = "jmdict attachments";
			sourceTree = "<group>";
		};
		BED226F41AD6379B000C0E88 /* ViewResource */ = {
			isa = PBXGroup;
			children = (
				BED226F51AD637B3000C0E88 /* TableView */,
				BE7C99F71A74C939007E65AD /* CardView */,
			);
			name = ViewResource;
			sourceTree = "<group>";
		};
		BED226F51AD637B3000C0E88 /* TableView */ = {
			isa = PBXGroup;
			children = (
				BED226F61AD637DA000C0E88 /* SearchResultEntityCell.xib */,
				BECCEA011AFF7A6A00C661D6 /* TableCellForAnimationView.xib */,
			);
			name = TableView;
			sourceTree = "<group>";
		};
		BED226FA1AD64776000C0E88 /* TableCell */ = {
			isa = PBXGroup;
			children = (
				BED226FD1AD647F4000C0E88 /* SearchResultEntityCell.swift */,
				BECCEA031AFF7C1D00C661D6 /* UICellForAnimationView.swift */,
			);
			name = TableCell;
			path = Spring;
			sourceTree = "<group>";
		};
		BED226FF1AD76E88000C0E88 /* DatabaseEntity */ = {
			isa = PBXGroup;
			children = (
				BED227001AD76EBC000C0E88 /* Entity.swift */,
				BED227091ADA5F7D000C0E88 /* JMDictEntity.swift */,
				BE1B667D1AE9D1D10041D065 /* DummyEntity.swift */,
			);
			name = DatabaseEntity;
			sourceTree = "<group>";
		};
		BED227021AD773B9000C0E88 /* Database */ = {
			isa = PBXGroup;
			children = (
				BED226FF1AD76E88000C0E88 /* DatabaseEntity */,
				BED227031AD773DC000C0E88 /* DatabaseHelper.swift */,
				BED227051AD773EA000C0E88 /* DatabaseInterface.swift */,
				BED227071ADA5F13000C0E88 /* Utility.swift */,
			);
			name = Database;
			sourceTree = "<group>";
		};
/* End PBXGroup section */

/* Begin PBXNativeTarget section */
		BE7C99CC1A74A5C7007E65AD /* MochiMoji */ = {
			isa = PBXNativeTarget;
			buildConfigurationList = BE7C99EC1A74A5C8007E65AD /* Build configuration list for PBXNativeTarget "MochiMoji" */;
			buildPhases = (
				2BE73C0C4C0880BE39EE60A7 /* Check Pods Manifest.lock */,
				BE7C99C91A74A5C7007E65AD /* Sources */,
				BE7C99CA1A74A5C7007E65AD /* Frameworks */,
				BE7C99CB1A74A5C7007E65AD /* Resources */,
				BE08FA2B1A762C1700FAF01C /* Embed Frameworks */,
				B6C2DCF6E644DC73E09228C6 /* Copy Pods Resources */,
			);
			buildRules = (
			);
			dependencies = (
			);
			name = MochiMoji;
			productName = MochiMoji;
			productReference = BE7C99CD1A74A5C7007E65AD /* MochiMoji.app */;
			productType = "com.apple.product-type.application";
		};
		BE7C99E11A74A5C8007E65AD /* MochiMojiTests */ = {
			isa = PBXNativeTarget;
			buildConfigurationList = BE7C99EF1A74A5C8007E65AD /* Build configuration list for PBXNativeTarget "MochiMojiTests" */;
			buildPhases = (
				BE7C99DE1A74A5C8007E65AD /* Sources */,
				BE7C99DF1A74A5C8007E65AD /* Frameworks */,
				BE7C99E01A74A5C8007E65AD /* Resources */,
			);
			buildRules = (
			);
			dependencies = (
				BE7C99E41A74A5C8007E65AD /* PBXTargetDependency */,
			);
			name = MochiMojiTests;
			productName = MochiMojiTests;
			productReference = BE7C99E21A74A5C8007E65AD /* MochiMojiTests.xctest */;
			productType = "com.apple.product-type.bundle.unit-test";
		};
/* End PBXNativeTarget section */

/* Begin PBXProject section */
		BE7C99C51A74A5C7007E65AD /* Project object */ = {
			isa = PBXProject;
			attributes = {
				LastUpgradeCheck = 0610;
				ORGANIZATIONNAME = "Decha Moungsri";
				TargetAttributes = {
					BE7C99CC1A74A5C7007E65AD = {
						CreatedOnToolsVersion = 6.1;
					};
					BE7C99E11A74A5C8007E65AD = {
						CreatedOnToolsVersion = 6.1;
						TestTargetID = BE7C99CC1A74A5C7007E65AD;
					};
				};
			};
			buildConfigurationList = BE7C99C81A74A5C7007E65AD /* Build configuration list for PBXProject "MochiMoji" */;
			compatibilityVersion = "Xcode 3.2";
			developmentRegion = English;
			hasScannedForEncodings = 0;
			knownRegions = (
				en,
				Base,
			);
			mainGroup = BE7C99C41A74A5C7007E65AD;
			productRefGroup = BE7C99CE1A74A5C7007E65AD /* Products */;
			projectDirPath = "";
			projectRoot = "";
			targets = (
				BE7C99CC1A74A5C7007E65AD /* MochiMoji */,
				BE7C99E11A74A5C8007E65AD /* MochiMojiTests */,
			);
		};
/* End PBXProject section */

/* Begin PBXResourcesBuildPhase section */
		BE7C99CB1A74A5C7007E65AD /* Resources */ = {
			isa = PBXResourcesBuildPhase;
			buildActionMask = 2147483647;
			files = (
				BE3238D01AF4AB970096A7F9 /* jmdict-30-4-2015-view.cblite in Resources */,
				BED226F71AD637DA000C0E88 /* SearchResultEntityCell.xib in Resources */,
				BE5192A31A96DDE300F19BEA /* Info.plist in Resources */,
				BE87F7D51A74DC7400267E85 /* TestCardView.xib in Resources */,
				BECCEA021AFF7A6A00C661D6 /* TableCellForAnimationView.xib in Resources */,
				BE7C99DD1A74A5C8007E65AD /* LaunchScreen.xib in Resources */,
				BE7C99F41A74C313007E65AD /* Roboto-Regular.ttf in Resources */,
				BE87F7D71A74DF6100267E85 /* KanjiCardView.xib in Resources */,
				BED226F91AD63A94000C0E88 /* NotoSansCJKjp-Regular.otf in Resources */,
				BED711361ACF92B30013E891 /* Main_fixed.storyboard in Resources */,
				BE5192A61A96DDE300F19BEA /* LoadingView.xib in Resources */,
				BE7C99DA1A74A5C8007E65AD /* Images.xcassets in Resources */,
			);
			runOnlyForDeploymentPostprocessing = 0;
		};
		BE7C99E01A74A5C8007E65AD /* Resources */ = {
			isa = PBXResourcesBuildPhase;
			buildActionMask = 2147483647;
			files = (
			);
			runOnlyForDeploymentPostprocessing = 0;
		};
/* End PBXResourcesBuildPhase section */

/* Begin PBXShellScriptBuildPhase section */
		2BE73C0C4C0880BE39EE60A7 /* Check Pods Manifest.lock */ = {
			isa = PBXShellScriptBuildPhase;
			buildActionMask = 2147483647;
			files = (
			);
			inputPaths = (
			);
			name = "Check Pods Manifest.lock";
			outputPaths = (
			);
			runOnlyForDeploymentPostprocessing = 0;
			shellPath = /bin/sh;
			shellScript = "diff \"${PODS_ROOT}/../Podfile.lock\" \"${PODS_ROOT}/Manifest.lock\" > /dev/null\nif [[ $? != 0 ]] ; then\n    cat << EOM\nerror: The sandbox is not in sync with the Podfile.lock. Run 'pod install' or update your CocoaPods installation.\nEOM\n    exit 1\nfi\n";
			showEnvVarsInLog = 0;
		};
		B6C2DCF6E644DC73E09228C6 /* Copy Pods Resources */ = {
			isa = PBXShellScriptBuildPhase;
			buildActionMask = 2147483647;
			files = (
			);
			inputPaths = (
			);
			name = "Copy Pods Resources";
			outputPaths = (
			);
			runOnlyForDeploymentPostprocessing = 0;
			shellPath = /bin/sh;
			shellScript = "\"${SRCROOT}/Pods/Target Support Files/Pods-MochiMoji/Pods-MochiMoji-resources.sh\"\n";
			showEnvVarsInLog = 0;
		};
/* End PBXShellScriptBuildPhase section */

/* Begin PBXSourcesBuildPhase section */
		BE7C99C91A74A5C7007E65AD /* Sources */ = {
			isa = PBXSourcesBuildPhase;
			buildActionMask = 2147483647;
			files = (
				BE5192B31A96DDE300F19BEA /* UnwindSegue.swift in Sources */,
				BED227011AD76EBC000C0E88 /* Entity.swift in Sources */,
				BE5192A41A96DDE300F19BEA /* KeyboardLayoutConstraint.swift in Sources */,
				BED2270A1ADA5F7D000C0E88 /* JMDictEntity.swift in Sources */,
				BE7C99D51A74A5C7007E65AD /* MainPageController.swift in Sources */,
				BE5192AB1A96DDE300F19BEA /* SpringButton.swift in Sources */,
				BE5192A81A96DDE300F19BEA /* SoundPlayer.swift in Sources */,
				BE51929F1A96DDE300F19BEA /* DesignableTextField.swift in Sources */,
				BE5192A71A96DDE300F19BEA /* Misc.swift in Sources */,
				BE5192A21A96DDE300F19BEA /* ImageLoader.swift in Sources */,
				BE51929A1A96DDE300F19BEA /* BlurView.swift in Sources */,
				BE5192AE1A96DDE300F19BEA /* SpringTextField.swift in Sources */,
				BED227061AD773EA000C0E88 /* DatabaseInterface.swift in Sources */,
				BE5192A51A96DDE300F19BEA /* LoadingView.swift in Sources */,
				BED226FE1AD647F4000C0E88 /* SearchResultEntityCell.swift in Sources */,
				BE5192AD1A96DDE300F19BEA /* SpringLabel.swift in Sources */,
				BECCEA041AFF7C1D00C661D6 /* UICellForAnimationView.swift in Sources */,
				BE5192A11A96DDE300F19BEA /* DesignableView.swift in Sources */,
				BE51929E1A96DDE300F19BEA /* DesignableTabBarController.swift in Sources */,
				BEDAF1B21AFC6D4200D4050C /* WordViewController.swift in Sources */,
				BED227041AD773DC000C0E88 /* DatabaseHelper.swift in Sources */,
				BE7C99D31A74A5C7007E65AD /* AppDelegate.swift in Sources */,
				BE51929B1A96DDE300F19BEA /* DesignableButton.swift in Sources */,
				BE1B667E1AE9D1D10041D065 /* DummyEntity.swift in Sources */,
				BE5192AF1A96DDE300F19BEA /* SpringTextView.swift in Sources */,
				BE5192B11A96DDE300F19BEA /* TransitionManager.swift in Sources */,
				BE5192A91A96DDE300F19BEA /* Spring.swift in Sources */,
				BE5192B01A96DDE300F19BEA /* SpringView.swift in Sources */,
				BE51929C1A96DDE300F19BEA /* DesignableImageView.swift in Sources */,
				BE5192A01A96DDE300F19BEA /* DesignableTextView.swift in Sources */,
				BE5192B21A96DDE300F19BEA /* TransitionZoom.swift in Sources */,
				BE5192AA1A96DDE300F19BEA /* SpringAnimation.swift in Sources */,
				BED227081ADA5F13000C0E88 /* Utility.swift in Sources */,
				BE5192AC1A96DDE300F19BEA /* SpringImageView.swift in Sources */,
				BE51929D1A96DDE300F19BEA /* DesignableLabel.swift in Sources */,
			);
			runOnlyForDeploymentPostprocessing = 0;
		};
		BE7C99DE1A74A5C8007E65AD /* Sources */ = {
			isa = PBXSourcesBuildPhase;
			buildActionMask = 2147483647;
			files = (
				BE7C99E91A74A5C8007E65AD /* MochiMojiTests.swift in Sources */,
			);
			runOnlyForDeploymentPostprocessing = 0;
		};
/* End PBXSourcesBuildPhase section */

/* Begin PBXTargetDependency section */
		BE7C99E41A74A5C8007E65AD /* PBXTargetDependency */ = {
			isa = PBXTargetDependency;
			target = BE7C99CC1A74A5C7007E65AD /* MochiMoji */;
			targetProxy = BE7C99E31A74A5C8007E65AD /* PBXContainerItemProxy */;
		};
/* End PBXTargetDependency section */

/* Begin PBXVariantGroup section */
		BE7C99DB1A74A5C8007E65AD /* LaunchScreen.xib */ = {
			isa = PBXVariantGroup;
			children = (
				BE7C99DC1A74A5C8007E65AD /* Base */,
			);
			name = LaunchScreen.xib;
			sourceTree = "<group>";
		};
/* End PBXVariantGroup section */

/* Begin XCBuildConfiguration section */
		BE7C99EA1A74A5C8007E65AD /* Debug */ = {
			isa = XCBuildConfiguration;
			buildSettings = {
				ALWAYS_SEARCH_USER_PATHS = NO;
				CLANG_CXX_LANGUAGE_STANDARD = "gnu++0x";
				CLANG_CXX_LIBRARY = "libc++";
				CLANG_ENABLE_MODULES = YES;
				CLANG_ENABLE_OBJC_ARC = YES;
				CLANG_WARN_BOOL_CONVERSION = YES;
				CLANG_WARN_CONSTANT_CONVERSION = YES;
				CLANG_WARN_DIRECT_OBJC_ISA_USAGE = YES_ERROR;
				CLANG_WARN_EMPTY_BODY = YES;
				CLANG_WARN_ENUM_CONVERSION = YES;
				CLANG_WARN_INT_CONVERSION = YES;
				CLANG_WARN_OBJC_ROOT_CLASS = YES_ERROR;
				CLANG_WARN_UNREACHABLE_CODE = YES;
				CLANG_WARN__DUPLICATE_METHOD_MATCH = YES;
				"CODE_SIGN_IDENTITY[sdk=iphoneos*]" = "iPhone Developer";
				COPY_PHASE_STRIP = NO;
				ENABLE_STRICT_OBJC_MSGSEND = YES;
				GCC_C_LANGUAGE_STANDARD = gnu99;
				GCC_DYNAMIC_NO_PIC = NO;
				GCC_OPTIMIZATION_LEVEL = 0;
				GCC_PREPROCESSOR_DEFINITIONS = (
					"DEBUG=1",
					"$(inherited)",
				);
				GCC_SYMBOLS_PRIVATE_EXTERN = NO;
				GCC_WARN_64_TO_32_BIT_CONVERSION = YES;
				GCC_WARN_ABOUT_RETURN_TYPE = YES_ERROR;
				GCC_WARN_UNDECLARED_SELECTOR = YES;
				GCC_WARN_UNINITIALIZED_AUTOS = YES_AGGRESSIVE;
				GCC_WARN_UNUSED_FUNCTION = YES;
				GCC_WARN_UNUSED_VARIABLE = YES;
				IPHONEOS_DEPLOYMENT_TARGET = 8.1;
				MTL_ENABLE_DEBUG_INFO = YES;
				ONLY_ACTIVE_ARCH = YES;
				SDKROOT = iphoneos;
				SWIFT_OPTIMIZATION_LEVEL = "-Onone";
				TARGETED_DEVICE_FAMILY = "1,2";
			};
			name = Debug;
		};
		BE7C99EB1A74A5C8007E65AD /* Release */ = {
			isa = XCBuildConfiguration;
			buildSettings = {
				ALWAYS_SEARCH_USER_PATHS = NO;
				CLANG_CXX_LANGUAGE_STANDARD = "gnu++0x";
				CLANG_CXX_LIBRARY = "libc++";
				CLANG_ENABLE_MODULES = YES;
				CLANG_ENABLE_OBJC_ARC = YES;
				CLANG_WARN_BOOL_CONVERSION = YES;
				CLANG_WARN_CONSTANT_CONVERSION = YES;
				CLANG_WARN_DIRECT_OBJC_ISA_USAGE = YES_ERROR;
				CLANG_WARN_EMPTY_BODY = YES;
				CLANG_WARN_ENUM_CONVERSION = YES;
				CLANG_WARN_INT_CONVERSION = YES;
				CLANG_WARN_OBJC_ROOT_CLASS = YES_ERROR;
				CLANG_WARN_UNREACHABLE_CODE = YES;
				CLANG_WARN__DUPLICATE_METHOD_MATCH = YES;
				"CODE_SIGN_IDENTITY[sdk=iphoneos*]" = "iPhone Developer";
				COPY_PHASE_STRIP = YES;
				ENABLE_NS_ASSERTIONS = NO;
				ENABLE_STRICT_OBJC_MSGSEND = YES;
				GCC_C_LANGUAGE_STANDARD = gnu99;
				GCC_WARN_64_TO_32_BIT_CONVERSION = YES;
				GCC_WARN_ABOUT_RETURN_TYPE = YES_ERROR;
				GCC_WARN_UNDECLARED_SELECTOR = YES;
				GCC_WARN_UNINITIALIZED_AUTOS = YES_AGGRESSIVE;
				GCC_WARN_UNUSED_FUNCTION = YES;
				GCC_WARN_UNUSED_VARIABLE = YES;
				IPHONEOS_DEPLOYMENT_TARGET = 8.1;
				MTL_ENABLE_DEBUG_INFO = NO;
				SDKROOT = iphoneos;
				TARGETED_DEVICE_FAMILY = "1,2";
				VALIDATE_PRODUCT = YES;
			};
			name = Release;
		};
		BE7C99ED1A74A5C8007E65AD /* Debug */ = {
			isa = XCBuildConfiguration;
			baseConfigurationReference = C24EA031D4D882D492031D2A /* Pods-MochiMoji.debug.xcconfig */;
			buildSettings = {
				ASSETCATALOG_COMPILER_APPICON_NAME = AppIcon;
				FRAMEWORK_SEARCH_PATHS = (
					"$(inherited)",
					/Users/dechamoungsri/Desktop,
				);
				INFOPLIST_FILE = MochiMoji/Info.plist;
				IPHONEOS_DEPLOYMENT_TARGET = 8.0;
				LD_RUNPATH_SEARCH_PATHS = "$(inherited) @executable_path/Frameworks";
				PRODUCT_NAME = "$(TARGET_NAME)";
				SWIFT_OBJC_BRIDGING_HEADER = "MochiMoji/MochiMoji-Bridging-Header.h";
			};
			name = Debug;
		};
		BE7C99EE1A74A5C8007E65AD /* Release */ = {
			isa = XCBuildConfiguration;
			baseConfigurationReference = E9A4E166995F0A4E9947417D /* Pods-MochiMoji.release.xcconfig */;
			buildSettings = {
				ASSETCATALOG_COMPILER_APPICON_NAME = AppIcon;
				FRAMEWORK_SEARCH_PATHS = (
					"$(inherited)",
					/Users/dechamoungsri/Desktop,
				);
				INFOPLIST_FILE = MochiMoji/Info.plist;
				IPHONEOS_DEPLOYMENT_TARGET = 8.0;
				LD_RUNPATH_SEARCH_PATHS = "$(inherited) @executable_path/Frameworks";
				PRODUCT_NAME = "$(TARGET_NAME)";
				SWIFT_OBJC_BRIDGING_HEADER = "MochiMoji/MochiMoji-Bridging-Header.h";
			};
			name = Release;
		};
		BE7C99F01A74A5C8007E65AD /* Debug */ = {
			isa = XCBuildConfiguration;
			buildSettings = {
				BUNDLE_LOADER = "$(TEST_HOST)";
				FRAMEWORK_SEARCH_PATHS = (
					"$(SDKROOT)/Developer/Library/Frameworks",
					"$(inherited)",
				);
				GCC_PREPROCESSOR_DEFINITIONS = (
					"DEBUG=1",
					"$(inherited)",
				);
				INFOPLIST_FILE = MochiMojiTests/Info.plist;
				LD_RUNPATH_SEARCH_PATHS = "$(inherited) @executable_path/Frameworks @loader_path/Frameworks";
				PRODUCT_NAME = "$(TARGET_NAME)";
				TEST_HOST = "$(BUILT_PRODUCTS_DIR)/MochiMoji.app/MochiMoji";
			};
			name = Debug;
		};
		BE7C99F11A74A5C8007E65AD /* Release */ = {
			isa = XCBuildConfiguration;
			buildSettings = {
				BUNDLE_LOADER = "$(TEST_HOST)";
				FRAMEWORK_SEARCH_PATHS = (
					"$(SDKROOT)/Developer/Library/Frameworks",
					"$(inherited)",
				);
				INFOPLIST_FILE = MochiMojiTests/Info.plist;
				LD_RUNPATH_SEARCH_PATHS = "$(inherited) @executable_path/Frameworks @loader_path/Frameworks";
				PRODUCT_NAME = "$(TARGET_NAME)";
				TEST_HOST = "$(BUILT_PRODUCTS_DIR)/MochiMoji.app/MochiMoji";
			};
			name = Release;
		};
/* End XCBuildConfiguration section */

/* Begin XCConfigurationList section */
		BE7C99C81A74A5C7007E65AD /* Build configuration list for PBXProject "MochiMoji" */ = {
			isa = XCConfigurationList;
			buildConfigurations = (
				BE7C99EA1A74A5C8007E65AD /* Debug */,
				BE7C99EB1A74A5C8007E65AD /* Release */,
			);
			defaultConfigurationIsVisible = 0;
			defaultConfigurationName = Release;
		};
		BE7C99EC1A74A5C8007E65AD /* Build configuration list for PBXNativeTarget "MochiMoji" */ = {
			isa = XCConfigurationList;
			buildConfigurations = (
				BE7C99ED1A74A5C8007E65AD /* Debug */,
				BE7C99EE1A74A5C8007E65AD /* Release */,
			);
			defaultConfigurationIsVisible = 0;
			defaultConfigurationName = Release;
		};
		BE7C99EF1A74A5C8007E65AD /* Build configuration list for PBXNativeTarget "MochiMojiTests" */ = {
			isa = XCConfigurationList;
			buildConfigurations = (
				BE7C99F01A74A5C8007E65AD /* Debug */,
				BE7C99F11A74A5C8007E65AD /* Release */,
			);
			defaultConfigurationIsVisible = 0;
			defaultConfigurationName = Release;
		};
/* End XCConfigurationList section */
	};
	rootObject = BE7C99C51A74A5C7007E65AD /* Project object */;
}
